// !$*UTF8*$!
{
	archiveVersion = 1;
	classes = {
	};
	objectVersion = 50;
	objects = {

/* Begin PBXBuildFile section */
		0993535D5D973AA513B57608 /* Pods_YCC_App.framework in Frameworks */ = {isa = PBXBuildFile; fileRef = 586AFC569026C79D5FBC957E /* Pods_YCC_App.framework */; };
		8157A7AC516BC04F059B8FA0 /* Pods_YCC_AppTests.framework in Frameworks */ = {isa = PBXBuildFile; fileRef = 61626B3399ACD5D1FBCE0C36 /* Pods_YCC_AppTests.framework */; };
		AC1C1B5020EDA80900CF8B83 /* FilterableTableViewController.swift in Sources */ = {isa = PBXBuildFile; fileRef = AC1C1B4F20EDA80900CF8B83 /* FilterableTableViewController.swift */; };
		AC20D5DC20E947A5000206E3 /* RegexValidator.swift in Sources */ = {isa = PBXBuildFile; fileRef = AC20D5D820E947A4000206E3 /* RegexValidator.swift */; };
		AC20D5DD20E947A5000206E3 /* NameValidator.swift in Sources */ = {isa = PBXBuildFile; fileRef = AC20D5D920E947A4000206E3 /* NameValidator.swift */; };
		AC20D5DE20E947A5000206E3 /* Validator.swift in Sources */ = {isa = PBXBuildFile; fileRef = AC20D5DA20E947A5000206E3 /* Validator.swift */; };
		AC20D5DF20E947A5000206E3 /* ValidationResult.swift in Sources */ = {isa = PBXBuildFile; fileRef = AC20D5DB20E947A5000206E3 /* ValidationResult.swift */; };
		AC20D5E120E947B5000206E3 /* FailedValidationReason.swift in Sources */ = {isa = PBXBuildFile; fileRef = AC20D5E020E947B5000206E3 /* FailedValidationReason.swift */; };
		AC20D5E420E947D4000206E3 /* Dealer.swift in Sources */ = {isa = PBXBuildFile; fileRef = AC20D5E320E947D4000206E3 /* Dealer.swift */; };
		AC20D5E820E947F6000206E3 /* CopyImageOperation.swift in Sources */ = {isa = PBXBuildFile; fileRef = AC20D5E620E947F6000206E3 /* CopyImageOperation.swift */; };
		AC20D5E920E947F6000206E3 /* SelectFolderOperation.swift in Sources */ = {isa = PBXBuildFile; fileRef = AC20D5E720E947F6000206E3 /* SelectFolderOperation.swift */; };
		AC20D5EE20E94821000206E3 /* SceneIdentifiers.swift in Sources */ = {isa = PBXBuildFile; fileRef = AC20D5EB20E94821000206E3 /* SceneIdentifiers.swift */; };
		AC20D5EF20E94821000206E3 /* ImportJewelsViewController.swift in Sources */ = {isa = PBXBuildFile; fileRef = AC20D5EC20E94821000206E3 /* ImportJewelsViewController.swift */; };
		AC20D5F020E94821000206E3 /* CreateDealerViewController.swift in Sources */ = {isa = PBXBuildFile; fileRef = AC20D5ED20E94821000206E3 /* CreateDealerViewController.swift */; };
		AC20D5F120E94A24000206E3 /* NameValidator.swift in Sources */ = {isa = PBXBuildFile; fileRef = AC20D5D920E947A4000206E3 /* NameValidator.swift */; };
		AC20D5F220E94A24000206E3 /* RegexValidator.swift in Sources */ = {isa = PBXBuildFile; fileRef = AC20D5D820E947A4000206E3 /* RegexValidator.swift */; };
		AC20D5F320E94A24000206E3 /* ValidationResult.swift in Sources */ = {isa = PBXBuildFile; fileRef = AC20D5DB20E947A5000206E3 /* ValidationResult.swift */; };
		AC20D5F420E94A24000206E3 /* Validator.swift in Sources */ = {isa = PBXBuildFile; fileRef = AC20D5DA20E947A5000206E3 /* Validator.swift */; };
		AC20D5F520E94A24000206E3 /* FailedValidationReason.swift in Sources */ = {isa = PBXBuildFile; fileRef = AC20D5E020E947B5000206E3 /* FailedValidationReason.swift */; };
		AC216F6120EA86E500BB19DF /* LengthValidator.swift in Sources */ = {isa = PBXBuildFile; fileRef = AC216F6020EA86E500BB19DF /* LengthValidator.swift */; };
		AC216F6220EA86E500BB19DF /* LengthValidator.swift in Sources */ = {isa = PBXBuildFile; fileRef = AC216F6020EA86E500BB19DF /* LengthValidator.swift */; };
		AC216F6420EA878E00BB19DF /* LengthValidatorTests.swift in Sources */ = {isa = PBXBuildFile; fileRef = AC216F6320EA878E00BB19DF /* LengthValidatorTests.swift */; };
		AC216F6620EA8B2400BB19DF /* DecimalValidator.swift in Sources */ = {isa = PBXBuildFile; fileRef = AC216F6520EA8B2400BB19DF /* DecimalValidator.swift */; };
		AC216F6720EA8B2400BB19DF /* DecimalValidator.swift in Sources */ = {isa = PBXBuildFile; fileRef = AC216F6520EA8B2400BB19DF /* DecimalValidator.swift */; };
		AC216F6920EA8BF800BB19DF /* NumberValidatorTests.swift in Sources */ = {isa = PBXBuildFile; fileRef = AC216F6820EA8BF800BB19DF /* NumberValidatorTests.swift */; };
		AC216F6B20EA8D5F00BB19DF /* ValidatorChain.swift in Sources */ = {isa = PBXBuildFile; fileRef = AC216F6A20EA8D5F00BB19DF /* ValidatorChain.swift */; };
		AC216F6C20EA8D5F00BB19DF /* ValidatorChain.swift in Sources */ = {isa = PBXBuildFile; fileRef = AC216F6A20EA8D5F00BB19DF /* ValidatorChain.swift */; };
		AC216F6E20EA8F8D00BB19DF /* IntegerValidator.swift in Sources */ = {isa = PBXBuildFile; fileRef = AC216F6D20EA8F8D00BB19DF /* IntegerValidator.swift */; };
		AC216F6F20EA8F8D00BB19DF /* IntegerValidator.swift in Sources */ = {isa = PBXBuildFile; fileRef = AC216F6D20EA8F8D00BB19DF /* IntegerValidator.swift */; };
		AC6B161420E9403000AD5E15 /* AppDelegate.swift in Sources */ = {isa = PBXBuildFile; fileRef = AC6B161320E9403000AD5E15 /* AppDelegate.swift */; };
		AC6B161620E9403000AD5E15 /* ViewController.swift in Sources */ = {isa = PBXBuildFile; fileRef = AC6B161520E9403000AD5E15 /* ViewController.swift */; };
		AC6B161820E9403100AD5E15 /* Assets.xcassets in Resources */ = {isa = PBXBuildFile; fileRef = AC6B161720E9403100AD5E15 /* Assets.xcassets */; };
		AC6B161B20E9403100AD5E15 /* Main.storyboard in Resources */ = {isa = PBXBuildFile; fileRef = AC6B161920E9403100AD5E15 /* Main.storyboard */; };
		AC6B162720E9403100AD5E15 /* YCC_AppTests.swift in Sources */ = {isa = PBXBuildFile; fileRef = AC6B162620E9403100AD5E15 /* YCC_AppTests.swift */; };
		AC6B165B20E9437600AD5E15 /* NameValidatorTests.swift in Sources */ = {isa = PBXBuildFile; fileRef = AC6B165A20E9437600AD5E15 /* NameValidatorTests.swift */; };
/* End PBXBuildFile section */

/* Begin PBXContainerItemProxy section */
		AC6B162320E9403100AD5E15 /* PBXContainerItemProxy */ = {
			isa = PBXContainerItemProxy;
			containerPortal = AC6B160820E9403000AD5E15 /* Project object */;
			proxyType = 1;
			remoteGlobalIDString = AC6B160F20E9403000AD5E15;
			remoteInfo = "YCC App";
		};
/* End PBXContainerItemProxy section */

/* Begin PBXFileReference section */
		415069EF0D1BDD2A73C0A775 /* Pods-YCC AppTests.debug.xcconfig */ = {isa = PBXFileReference; includeInIndex = 1; lastKnownFileType = text.xcconfig; name = "Pods-YCC AppTests.debug.xcconfig"; path = "Pods/Target Support Files/Pods-YCC AppTests/Pods-YCC AppTests.debug.xcconfig"; sourceTree = "<group>"; };
		586AFC569026C79D5FBC957E /* Pods_YCC_App.framework */ = {isa = PBXFileReference; explicitFileType = wrapper.framework; includeInIndex = 0; path = Pods_YCC_App.framework; sourceTree = BUILT_PRODUCTS_DIR; };
		61626B3399ACD5D1FBCE0C36 /* Pods_YCC_AppTests.framework */ = {isa = PBXFileReference; explicitFileType = wrapper.framework; includeInIndex = 0; path = Pods_YCC_AppTests.framework; sourceTree = BUILT_PRODUCTS_DIR; };
		7D83EC3CF8477741C0DC4B90 /* Pods-YCC AppTests.release.xcconfig */ = {isa = PBXFileReference; includeInIndex = 1; lastKnownFileType = text.xcconfig; name = "Pods-YCC AppTests.release.xcconfig"; path = "Pods/Target Support Files/Pods-YCC AppTests/Pods-YCC AppTests.release.xcconfig"; sourceTree = "<group>"; };
		A7115AEE84514BB7AA206C51 /* Pods-YCC App.release.xcconfig */ = {isa = PBXFileReference; includeInIndex = 1; lastKnownFileType = text.xcconfig; name = "Pods-YCC App.release.xcconfig"; path = "Pods/Target Support Files/Pods-YCC App/Pods-YCC App.release.xcconfig"; sourceTree = "<group>"; };
		AC1C1B4F20EDA80900CF8B83 /* FilterableTableViewController.swift */ = {isa = PBXFileReference; lastKnownFileType = sourcecode.swift; path = FilterableTableViewController.swift; sourceTree = "<group>"; };
		AC20D5D820E947A4000206E3 /* RegexValidator.swift */ = {isa = PBXFileReference; fileEncoding = 4; lastKnownFileType = sourcecode.swift; path = RegexValidator.swift; sourceTree = "<group>"; };
		AC20D5D920E947A4000206E3 /* NameValidator.swift */ = {isa = PBXFileReference; fileEncoding = 4; lastKnownFileType = sourcecode.swift; path = NameValidator.swift; sourceTree = "<group>"; };
		AC20D5DA20E947A5000206E3 /* Validator.swift */ = {isa = PBXFileReference; fileEncoding = 4; lastKnownFileType = sourcecode.swift; path = Validator.swift; sourceTree = "<group>"; };
		AC20D5DB20E947A5000206E3 /* ValidationResult.swift */ = {isa = PBXFileReference; fileEncoding = 4; lastKnownFileType = sourcecode.swift; path = ValidationResult.swift; sourceTree = "<group>"; };
		AC20D5E020E947B5000206E3 /* FailedValidationReason.swift */ = {isa = PBXFileReference; fileEncoding = 4; lastKnownFileType = sourcecode.swift; path = FailedValidationReason.swift; sourceTree = "<group>"; };
		AC20D5E320E947D4000206E3 /* Dealer.swift */ = {isa = PBXFileReference; fileEncoding = 4; lastKnownFileType = sourcecode.swift; path = Dealer.swift; sourceTree = "<group>"; };
		AC20D5E620E947F6000206E3 /* CopyImageOperation.swift */ = {isa = PBXFileReference; fileEncoding = 4; lastKnownFileType = sourcecode.swift; path = CopyImageOperation.swift; sourceTree = "<group>"; };
		AC20D5E720E947F6000206E3 /* SelectFolderOperation.swift */ = {isa = PBXFileReference; fileEncoding = 4; lastKnownFileType = sourcecode.swift; path = SelectFolderOperation.swift; sourceTree = "<group>"; };
		AC20D5EB20E94821000206E3 /* SceneIdentifiers.swift */ = {isa = PBXFileReference; fileEncoding = 4; lastKnownFileType = sourcecode.swift; path = SceneIdentifiers.swift; sourceTree = "<group>"; };
		AC20D5EC20E94821000206E3 /* ImportJewelsViewController.swift */ = {isa = PBXFileReference; fileEncoding = 4; lastKnownFileType = sourcecode.swift; path = ImportJewelsViewController.swift; sourceTree = "<group>"; };
		AC20D5ED20E94821000206E3 /* CreateDealerViewController.swift */ = {isa = PBXFileReference; fileEncoding = 4; lastKnownFileType = sourcecode.swift; path = CreateDealerViewController.swift; sourceTree = "<group>"; };
		AC216F6020EA86E500BB19DF /* LengthValidator.swift */ = {isa = PBXFileReference; lastKnownFileType = sourcecode.swift; path = LengthValidator.swift; sourceTree = "<group>"; };
		AC216F6320EA878E00BB19DF /* LengthValidatorTests.swift */ = {isa = PBXFileReference; lastKnownFileType = sourcecode.swift; path = LengthValidatorTests.swift; sourceTree = "<group>"; };
		AC216F6520EA8B2400BB19DF /* DecimalValidator.swift */ = {isa = PBXFileReference; lastKnownFileType = sourcecode.swift; path = DecimalValidator.swift; sourceTree = "<group>"; };
		AC216F6820EA8BF800BB19DF /* NumberValidatorTests.swift */ = {isa = PBXFileReference; lastKnownFileType = sourcecode.swift; path = NumberValidatorTests.swift; sourceTree = "<group>"; };
		AC216F6A20EA8D5F00BB19DF /* ValidatorChain.swift */ = {isa = PBXFileReference; lastKnownFileType = sourcecode.swift; path = ValidatorChain.swift; sourceTree = "<group>"; };
		AC216F6D20EA8F8D00BB19DF /* IntegerValidator.swift */ = {isa = PBXFileReference; lastKnownFileType = sourcecode.swift; path = IntegerValidator.swift; sourceTree = "<group>"; };
		AC6B161020E9403000AD5E15 /* YCC App.app */ = {isa = PBXFileReference; explicitFileType = wrapper.application; includeInIndex = 0; path = "YCC App.app"; sourceTree = BUILT_PRODUCTS_DIR; };
		AC6B161320E9403000AD5E15 /* AppDelegate.swift */ = {isa = PBXFileReference; lastKnownFileType = sourcecode.swift; path = AppDelegate.swift; sourceTree = "<group>"; };
		AC6B161520E9403000AD5E15 /* ViewController.swift */ = {isa = PBXFileReference; lastKnownFileType = sourcecode.swift; path = ViewController.swift; sourceTree = "<group>"; };
		AC6B161720E9403100AD5E15 /* Assets.xcassets */ = {isa = PBXFileReference; lastKnownFileType = folder.assetcatalog; path = Assets.xcassets; sourceTree = "<group>"; };
		AC6B161A20E9403100AD5E15 /* Base */ = {isa = PBXFileReference; lastKnownFileType = file.storyboard; name = Base; path = Base.lproj/Main.storyboard; sourceTree = "<group>"; };
		AC6B161C20E9403100AD5E15 /* Info.plist */ = {isa = PBXFileReference; lastKnownFileType = text.plist.xml; path = Info.plist; sourceTree = "<group>"; };
		AC6B161D20E9403100AD5E15 /* YCC_App.entitlements */ = {isa = PBXFileReference; lastKnownFileType = text.plist.entitlements; path = YCC_App.entitlements; sourceTree = "<group>"; };
		AC6B162220E9403100AD5E15 /* YCC AppTests.xctest */ = {isa = PBXFileReference; explicitFileType = wrapper.cfbundle; includeInIndex = 0; path = "YCC AppTests.xctest"; sourceTree = BUILT_PRODUCTS_DIR; };
		AC6B162620E9403100AD5E15 /* YCC_AppTests.swift */ = {isa = PBXFileReference; lastKnownFileType = sourcecode.swift; path = YCC_AppTests.swift; sourceTree = "<group>"; };
		AC6B162820E9403100AD5E15 /* Info.plist */ = {isa = PBXFileReference; lastKnownFileType = text.plist.xml; path = Info.plist; sourceTree = "<group>"; };
		AC6B165A20E9437600AD5E15 /* NameValidatorTests.swift */ = {isa = PBXFileReference; fileEncoding = 4; lastKnownFileType = sourcecode.swift; path = NameValidatorTests.swift; sourceTree = "<group>"; };
		C82F01D9290011DD939C51D4 /* Pods-YCC App.debug.xcconfig */ = {isa = PBXFileReference; includeInIndex = 1; lastKnownFileType = text.xcconfig; name = "Pods-YCC App.debug.xcconfig"; path = "Pods/Target Support Files/Pods-YCC App/Pods-YCC App.debug.xcconfig"; sourceTree = "<group>"; };
/* End PBXFileReference section */

/* Begin PBXFrameworksBuildPhase section */
		AC6B160D20E9403000AD5E15 /* Frameworks */ = {
			isa = PBXFrameworksBuildPhase;
			buildActionMask = 2147483647;
			files = (
				0993535D5D973AA513B57608 /* Pods_YCC_App.framework in Frameworks */,
			);
			runOnlyForDeploymentPostprocessing = 0;
		};
		AC6B161F20E9403100AD5E15 /* Frameworks */ = {
			isa = PBXFrameworksBuildPhase;
			buildActionMask = 2147483647;
			files = (
				8157A7AC516BC04F059B8FA0 /* Pods_YCC_AppTests.framework in Frameworks */,
			);
			runOnlyForDeploymentPostprocessing = 0;
		};
/* End PBXFrameworksBuildPhase section */

/* Begin PBXGroup section */
		12B3E27A92B8C73B5EA54110 /* Pods */ = {
			isa = PBXGroup;
			children = (
				C82F01D9290011DD939C51D4 /* Pods-YCC App.debug.xcconfig */,
				A7115AEE84514BB7AA206C51 /* Pods-YCC App.release.xcconfig */,
				415069EF0D1BDD2A73C0A775 /* Pods-YCC AppTests.debug.xcconfig */,
				7D83EC3CF8477741C0DC4B90 /* Pods-YCC AppTests.release.xcconfig */,
			);
			name = Pods;
			sourceTree = "<group>";
		};
		AC20D5D720E9478E000206E3 /* Validators */ = {
			isa = PBXGroup;
			children = (
				AC20D5D920E947A4000206E3 /* NameValidator.swift */,
				AC20D5D820E947A4000206E3 /* RegexValidator.swift */,
				AC20D5DB20E947A5000206E3 /* ValidationResult.swift */,
				AC20D5DA20E947A5000206E3 /* Validator.swift */,
				AC20D5E020E947B5000206E3 /* FailedValidationReason.swift */,
				AC216F6020EA86E500BB19DF /* LengthValidator.swift */,
				AC216F6520EA8B2400BB19DF /* DecimalValidator.swift */,
				AC216F6A20EA8D5F00BB19DF /* ValidatorChain.swift */,
				AC216F6D20EA8F8D00BB19DF /* IntegerValidator.swift */,
			);
			path = Validators;
			sourceTree = "<group>";
		};
		AC20D5E220E947C2000206E3 /* Models */ = {
			isa = PBXGroup;
			children = (
				AC20D5E320E947D4000206E3 /* Dealer.swift */,
			);
			path = Models;
			sourceTree = "<group>";
		};
		AC20D5E520E947E2000206E3 /* Operations */ = {
			isa = PBXGroup;
			children = (
				AC20D5E620E947F6000206E3 /* CopyImageOperation.swift */,
				AC20D5E720E947F6000206E3 /* SelectFolderOperation.swift */,
			);
			path = Operations;
			sourceTree = "<group>";
		};
		AC20D5EA20E94813000206E3 /* ViewControllers */ = {
			isa = PBXGroup;
			children = (
				AC20D5ED20E94821000206E3 /* CreateDealerViewController.swift */,
				AC20D5EC20E94821000206E3 /* ImportJewelsViewController.swift */,
				AC20D5EB20E94821000206E3 /* SceneIdentifiers.swift */,
				AC1C1B4F20EDA80900CF8B83 /* FilterableTableViewController.swift */,
			);
			path = ViewControllers;
			sourceTree = "<group>";
		};
		AC6B160720E9403000AD5E15 = {
			isa = PBXGroup;
			children = (
				AC6B161220E9403000AD5E15 /* YCC App */,
				AC6B162520E9403100AD5E15 /* YCC AppTests */,
				AC6B161120E9403000AD5E15 /* Products */,
				12B3E27A92B8C73B5EA54110 /* Pods */,
				B509ED39907FACCF6103CAD5 /* Frameworks */,
			);
			sourceTree = "<group>";
		};
		AC6B161120E9403000AD5E15 /* Products */ = {
			isa = PBXGroup;
			children = (
				AC6B161020E9403000AD5E15 /* YCC App.app */,
				AC6B162220E9403100AD5E15 /* YCC AppTests.xctest */,
			);
			name = Products;
			sourceTree = "<group>";
		};
		AC6B161220E9403000AD5E15 /* YCC App */ = {
			isa = PBXGroup;
			children = (
				ACFFB6A420EB039E0022F780 /* Services */,
				AC20D5EA20E94813000206E3 /* ViewControllers */,
				AC20D5E520E947E2000206E3 /* Operations */,
				AC20D5E220E947C2000206E3 /* Models */,
				AC20D5D720E9478E000206E3 /* Validators */,
				AC6B161320E9403000AD5E15 /* AppDelegate.swift */,
				AC6B161520E9403000AD5E15 /* ViewController.swift */,
				AC6B161720E9403100AD5E15 /* Assets.xcassets */,
				AC6B161920E9403100AD5E15 /* Main.storyboard */,
				AC6B161C20E9403100AD5E15 /* Info.plist */,
				AC6B161D20E9403100AD5E15 /* YCC_App.entitlements */,
			);
			path = "YCC App";
			sourceTree = "<group>";
		};
		AC6B162520E9403100AD5E15 /* YCC AppTests */ = {
			isa = PBXGroup;
			children = (
				AC6B165920E9437600AD5E15 /* Validator Tests */,
				AC6B162620E9403100AD5E15 /* YCC_AppTests.swift */,
				AC6B162820E9403100AD5E15 /* Info.plist */,
			);
			path = "YCC AppTests";
			sourceTree = "<group>";
		};
		AC6B165920E9437600AD5E15 /* Validator Tests */ = {
			isa = PBXGroup;
			children = (
				AC6B165A20E9437600AD5E15 /* NameValidatorTests.swift */,
				AC216F6320EA878E00BB19DF /* LengthValidatorTests.swift */,
				AC216F6820EA8BF800BB19DF /* NumberValidatorTests.swift */,
			);
			path = "Validator Tests";
			sourceTree = "<group>";
		};
		ACFFB6A420EB039E0022F780 /* Services */ = {
			isa = PBXGroup;
			children = (
			);
			path = Services;
			sourceTree = "<group>";
		};
		B509ED39907FACCF6103CAD5 /* Frameworks */ = {
			isa = PBXGroup;
			children = (
				586AFC569026C79D5FBC957E /* Pods_YCC_App.framework */,
				61626B3399ACD5D1FBCE0C36 /* Pods_YCC_AppTests.framework */,
			);
			name = Frameworks;
			sourceTree = "<group>";
		};
/* End PBXGroup section */

/* Begin PBXNativeTarget section */
		AC6B160F20E9403000AD5E15 /* YCC App */ = {
			isa = PBXNativeTarget;
			buildConfigurationList = AC6B162B20E9403100AD5E15 /* Build configuration list for PBXNativeTarget "YCC App" */;
			buildPhases = (
				9B39ADD14B6302499CA4874D /* [CP] Check Pods Manifest.lock */,
				AC6B160C20E9403000AD5E15 /* Sources */,
				AC6B160D20E9403000AD5E15 /* Frameworks */,
				AC6B160E20E9403000AD5E15 /* Resources */,
				C85C949A068228F9020ADDFD /* [CP] Embed Pods Frameworks */,
			);
			buildRules = (
			);
			dependencies = (
			);
			name = "YCC App";
			productName = "YCC App";
			productReference = AC6B161020E9403000AD5E15 /* YCC App.app */;
			productType = "com.apple.product-type.application";
		};
		AC6B162120E9403100AD5E15 /* YCC AppTests */ = {
			isa = PBXNativeTarget;
			buildConfigurationList = AC6B162E20E9403100AD5E15 /* Build configuration list for PBXNativeTarget "YCC AppTests" */;
			buildPhases = (
				0865D18641800DA4144AF3B3 /* [CP] Check Pods Manifest.lock */,
				AC6B161E20E9403100AD5E15 /* Sources */,
				AC6B161F20E9403100AD5E15 /* Frameworks */,
				AC6B162020E9403100AD5E15 /* Resources */,
			);
			buildRules = (
			);
			dependencies = (
				AC6B162420E9403100AD5E15 /* PBXTargetDependency */,
			);
			name = "YCC AppTests";
			productName = "YCC AppTests";
			productReference = AC6B162220E9403100AD5E15 /* YCC AppTests.xctest */;
			productType = "com.apple.product-type.bundle.unit-test";
		};
/* End PBXNativeTarget section */

/* Begin PBXProject section */
		AC6B160820E9403000AD5E15 /* Project object */ = {
			isa = PBXProject;
			attributes = {
				LastSwiftUpdateCheck = 0940;
				LastUpgradeCheck = 0940;
				ORGANIZATIONNAME = "Vikram Raj Gopinathan";
				TargetAttributes = {
					AC6B160F20E9403000AD5E15 = {
						CreatedOnToolsVersion = 9.4.1;
					};
					AC6B162120E9403100AD5E15 = {
						CreatedOnToolsVersion = 9.4.1;
						TestTargetID = AC6B160F20E9403000AD5E15;
					};
				};
			};
			buildConfigurationList = AC6B160B20E9403000AD5E15 /* Build configuration list for PBXProject "YCC App" */;
			compatibilityVersion = "Xcode 9.3";
			developmentRegion = en;
			hasScannedForEncodings = 0;
			knownRegions = (
				en,
				Base,
			);
			mainGroup = AC6B160720E9403000AD5E15;
			productRefGroup = AC6B161120E9403000AD5E15 /* Products */;
			projectDirPath = "";
			projectRoot = "";
			targets = (
				AC6B160F20E9403000AD5E15 /* YCC App */,
				AC6B162120E9403100AD5E15 /* YCC AppTests */,
			);
		};
/* End PBXProject section */

/* Begin PBXResourcesBuildPhase section */
		AC6B160E20E9403000AD5E15 /* Resources */ = {
			isa = PBXResourcesBuildPhase;
			buildActionMask = 2147483647;
			files = (
				AC6B161820E9403100AD5E15 /* Assets.xcassets in Resources */,
				AC6B161B20E9403100AD5E15 /* Main.storyboard in Resources */,
			);
			runOnlyForDeploymentPostprocessing = 0;
		};
		AC6B162020E9403100AD5E15 /* Resources */ = {
			isa = PBXResourcesBuildPhase;
			buildActionMask = 2147483647;
			files = (
			);
			runOnlyForDeploymentPostprocessing = 0;
		};
/* End PBXResourcesBuildPhase section */

/* Begin PBXShellScriptBuildPhase section */
		0865D18641800DA4144AF3B3 /* [CP] Check Pods Manifest.lock */ = {
			isa = PBXShellScriptBuildPhase;
			buildActionMask = 2147483647;
			files = (
			);
			inputPaths = (
				"${PODS_PODFILE_DIR_PATH}/Podfile.lock",
				"${PODS_ROOT}/Manifest.lock",
			);
			name = "[CP] Check Pods Manifest.lock";
			outputPaths = (
				"$(DERIVED_FILE_DIR)/Pods-YCC AppTests-checkManifestLockResult.txt",
			);
			runOnlyForDeploymentPostprocessing = 0;
			shellPath = /bin/sh;
			shellScript = "diff \"${PODS_PODFILE_DIR_PATH}/Podfile.lock\" \"${PODS_ROOT}/Manifest.lock\" > /dev/null\nif [ $? != 0 ] ; then\n    # print error to STDERR\n    echo \"error: The sandbox is not in sync with the Podfile.lock. Run 'pod install' or update your CocoaPods installation.\" >&2\n    exit 1\nfi\n# This output is used by Xcode 'outputs' to avoid re-running this script phase.\necho \"SUCCESS\" > \"${SCRIPT_OUTPUT_FILE_0}\"\n";
			showEnvVarsInLog = 0;
		};
		9B39ADD14B6302499CA4874D /* [CP] Check Pods Manifest.lock */ = {
			isa = PBXShellScriptBuildPhase;
			buildActionMask = 2147483647;
			files = (
			);
			inputPaths = (
				"${PODS_PODFILE_DIR_PATH}/Podfile.lock",
				"${PODS_ROOT}/Manifest.lock",
			);
			name = "[CP] Check Pods Manifest.lock";
			outputPaths = (
				"$(DERIVED_FILE_DIR)/Pods-YCC App-checkManifestLockResult.txt",
			);
			runOnlyForDeploymentPostprocessing = 0;
			shellPath = /bin/sh;
			shellScript = "diff \"${PODS_PODFILE_DIR_PATH}/Podfile.lock\" \"${PODS_ROOT}/Manifest.lock\" > /dev/null\nif [ $? != 0 ] ; then\n    # print error to STDERR\n    echo \"error: The sandbox is not in sync with the Podfile.lock. Run 'pod install' or update your CocoaPods installation.\" >&2\n    exit 1\nfi\n# This output is used by Xcode 'outputs' to avoid re-running this script phase.\necho \"SUCCESS\" > \"${SCRIPT_OUTPUT_FILE_0}\"\n";
			showEnvVarsInLog = 0;
		};
		C85C949A068228F9020ADDFD /* [CP] Embed Pods Frameworks */ = {
			isa = PBXShellScriptBuildPhase;
			buildActionMask = 2147483647;
			files = (
			);
			inputPaths = (
				"${SRCROOT}/Pods/Target Support Files/Pods-YCC App/Pods-YCC App-frameworks.sh",
				"${BUILT_PRODUCTS_DIR}/Realm/Realm.framework",
				"${BUILT_PRODUCTS_DIR}/RealmSwift/RealmSwift.framework",
			);
			name = "[CP] Embed Pods Frameworks";
			outputPaths = (
				"${TARGET_BUILD_DIR}/${FRAMEWORKS_FOLDER_PATH}/Realm.framework",
				"${TARGET_BUILD_DIR}/${FRAMEWORKS_FOLDER_PATH}/RealmSwift.framework",
			);
			runOnlyForDeploymentPostprocessing = 0;
			shellPath = /bin/sh;
			shellScript = "\"${SRCROOT}/Pods/Target Support Files/Pods-YCC App/Pods-YCC App-frameworks.sh\"\n";
			showEnvVarsInLog = 0;
		};
/* End PBXShellScriptBuildPhase section */

/* Begin PBXSourcesBuildPhase section */
		AC6B160C20E9403000AD5E15 /* Sources */ = {
			isa = PBXSourcesBuildPhase;
			buildActionMask = 2147483647;
			files = (
				AC20D5E420E947D4000206E3 /* Dealer.swift in Sources */,
				AC20D5DD20E947A5000206E3 /* NameValidator.swift in Sources */,
				AC216F6120EA86E500BB19DF /* LengthValidator.swift in Sources */,
				AC20D5F020E94821000206E3 /* CreateDealerViewController.swift in Sources */,
				AC20D5DC20E947A5000206E3 /* RegexValidator.swift in Sources */,
				AC20D5DE20E947A5000206E3 /* Validator.swift in Sources */,
				AC20D5E820E947F6000206E3 /* CopyImageOperation.swift in Sources */,
				AC1C1B5020EDA80900CF8B83 /* FilterableTableViewController.swift in Sources */,
				AC20D5EE20E94821000206E3 /* SceneIdentifiers.swift in Sources */,
				AC216F6B20EA8D5F00BB19DF /* ValidatorChain.swift in Sources */,
				AC20D5EF20E94821000206E3 /* ImportJewelsViewController.swift in Sources */,
				AC6B161620E9403000AD5E15 /* ViewController.swift in Sources */,
				AC216F6620EA8B2400BB19DF /* DecimalValidator.swift in Sources */,
				AC216F6E20EA8F8D00BB19DF /* IntegerValidator.swift in Sources */,
				AC6B161420E9403000AD5E15 /* AppDelegate.swift in Sources */,
				AC20D5E120E947B5000206E3 /* FailedValidationReason.swift in Sources */,
				AC20D5E920E947F6000206E3 /* SelectFolderOperation.swift in Sources */,
				AC20D5DF20E947A5000206E3 /* ValidationResult.swift in Sources */,
			);
			runOnlyForDeploymentPostprocessing = 0;
		};
		AC6B161E20E9403100AD5E15 /* Sources */ = {
			isa = PBXSourcesBuildPhase;
			buildActionMask = 2147483647;
			files = (
				AC216F6220EA86E500BB19DF /* LengthValidator.swift in Sources */,
				AC20D5F220E94A24000206E3 /* RegexValidator.swift in Sources */,
				AC20D5F120E94A24000206E3 /* NameValidator.swift in Sources */,
				AC6B162720E9403100AD5E15 /* YCC_AppTests.swift in Sources */,
				AC20D5F320E94A24000206E3 /* ValidationResult.swift in Sources */,
				AC216F6F20EA8F8D00BB19DF /* IntegerValidator.swift in Sources */,
				AC216F6720EA8B2400BB19DF /* DecimalValidator.swift in Sources */,
				AC216F6920EA8BF800BB19DF /* NumberValidatorTests.swift in Sources */,
				AC20D5F420E94A24000206E3 /* Validator.swift in Sources */,
				AC216F6C20EA8D5F00BB19DF /* ValidatorChain.swift in Sources */,
				AC216F6420EA878E00BB19DF /* LengthValidatorTests.swift in Sources */,
				AC20D5F520E94A24000206E3 /* FailedValidationReason.swift in Sources */,
				AC6B165B20E9437600AD5E15 /* NameValidatorTests.swift in Sources */,
			);
			runOnlyForDeploymentPostprocessing = 0;
		};
/* End PBXSourcesBuildPhase section */

/* Begin PBXTargetDependency section */
		AC6B162420E9403100AD5E15 /* PBXTargetDependency */ = {
			isa = PBXTargetDependency;
			target = AC6B160F20E9403000AD5E15 /* YCC App */;
			targetProxy = AC6B162320E9403100AD5E15 /* PBXContainerItemProxy */;
		};
/* End PBXTargetDependency section */

/* Begin PBXVariantGroup section */
		AC6B161920E9403100AD5E15 /* Main.storyboard */ = {
			isa = PBXVariantGroup;
			children = (
				AC6B161A20E9403100AD5E15 /* Base */,
			);
			name = Main.storyboard;
			sourceTree = "<group>";
		};
/* End PBXVariantGroup section */

/* Begin XCBuildConfiguration section */
		AC6B162920E9403100AD5E15 /* Debug */ = {
			isa = XCBuildConfiguration;
			buildSettings = {
				ALWAYS_SEARCH_USER_PATHS = NO;
				CLANG_ANALYZER_NONNULL = YES;
				CLANG_ANALYZER_NUMBER_OBJECT_CONVERSION = YES_AGGRESSIVE;
				CLANG_CXX_LANGUAGE_STANDARD = "gnu++14";
				CLANG_CXX_LIBRARY = "libc++";
				CLANG_ENABLE_MODULES = YES;
				CLANG_ENABLE_OBJC_ARC = YES;
				CLANG_ENABLE_OBJC_WEAK = YES;
				CLANG_WARN_BLOCK_CAPTURE_AUTORELEASING = YES;
				CLANG_WARN_BOOL_CONVERSION = YES;
				CLANG_WARN_COMMA = YES;
				CLANG_WARN_CONSTANT_CONVERSION = YES;
				CLANG_WARN_DEPRECATED_OBJC_IMPLEMENTATIONS = YES;
				CLANG_WARN_DIRECT_OBJC_ISA_USAGE = YES_ERROR;
				CLANG_WARN_DOCUMENTATION_COMMENTS = YES;
				CLANG_WARN_EMPTY_BODY = YES;
				CLANG_WARN_ENUM_CONVERSION = YES;
				CLANG_WARN_INFINITE_RECURSION = YES;
				CLANG_WARN_INT_CONVERSION = YES;
				CLANG_WARN_NON_LITERAL_NULL_CONVERSION = YES;
				CLANG_WARN_OBJC_IMPLICIT_RETAIN_SELF = YES;
				CLANG_WARN_OBJC_LITERAL_CONVERSION = YES;
				CLANG_WARN_OBJC_ROOT_CLASS = YES_ERROR;
				CLANG_WARN_RANGE_LOOP_ANALYSIS = YES;
				CLANG_WARN_STRICT_PROTOTYPES = YES;
				CLANG_WARN_SUSPICIOUS_MOVE = YES;
				CLANG_WARN_UNGUARDED_AVAILABILITY = YES_AGGRESSIVE;
				CLANG_WARN_UNREACHABLE_CODE = YES;
				CLANG_WARN__DUPLICATE_METHOD_MATCH = YES;
				CODE_SIGN_IDENTITY = "-";
				COPY_PHASE_STRIP = NO;
				DEBUG_INFORMATION_FORMAT = dwarf;
				ENABLE_STRICT_OBJC_MSGSEND = YES;
				ENABLE_TESTABILITY = YES;
				GCC_C_LANGUAGE_STANDARD = gnu11;
				GCC_DYNAMIC_NO_PIC = NO;
				GCC_NO_COMMON_BLOCKS = YES;
				GCC_OPTIMIZATION_LEVEL = 0;
				GCC_PREPROCESSOR_DEFINITIONS = (
					"DEBUG=1",
					"$(inherited)",
				);
				GCC_WARN_64_TO_32_BIT_CONVERSION = YES;
				GCC_WARN_ABOUT_RETURN_TYPE = YES_ERROR;
				GCC_WARN_UNDECLARED_SELECTOR = YES;
				GCC_WARN_UNINITIALIZED_AUTOS = YES_AGGRESSIVE;
				GCC_WARN_UNUSED_FUNCTION = YES;
				GCC_WARN_UNUSED_VARIABLE = YES;
				MACOSX_DEPLOYMENT_TARGET = 10.13;
				MTL_ENABLE_DEBUG_INFO = YES;
				ONLY_ACTIVE_ARCH = YES;
				SDKROOT = macosx;
				SWIFT_ACTIVE_COMPILATION_CONDITIONS = DEBUG;
				SWIFT_OPTIMIZATION_LEVEL = "-Onone";
			};
			name = Debug;
		};
		AC6B162A20E9403100AD5E15 /* Release */ = {
			isa = XCBuildConfiguration;
			buildSettings = {
				ALWAYS_SEARCH_USER_PATHS = NO;
				CLANG_ANALYZER_NONNULL = YES;
				CLANG_ANALYZER_NUMBER_OBJECT_CONVERSION = YES_AGGRESSIVE;
				CLANG_CXX_LANGUAGE_STANDARD = "gnu++14";
				CLANG_CXX_LIBRARY = "libc++";
				CLANG_ENABLE_MODULES = YES;
				CLANG_ENABLE_OBJC_ARC = YES;
				CLANG_ENABLE_OBJC_WEAK = YES;
				CLANG_WARN_BLOCK_CAPTURE_AUTORELEASING = YES;
				CLANG_WARN_BOOL_CONVERSION = YES;
				CLANG_WARN_COMMA = YES;
				CLANG_WARN_CONSTANT_CONVERSION = YES;
				CLANG_WARN_DEPRECATED_OBJC_IMPLEMENTATIONS = YES;
				CLANG_WARN_DIRECT_OBJC_ISA_USAGE = YES_ERROR;
				CLANG_WARN_DOCUMENTATION_COMMENTS = YES;
				CLANG_WARN_EMPTY_BODY = YES;
				CLANG_WARN_ENUM_CONVERSION = YES;
				CLANG_WARN_INFINITE_RECURSION = YES;
				CLANG_WARN_INT_CONVERSION = YES;
				CLANG_WARN_NON_LITERAL_NULL_CONVERSION = YES;
				CLANG_WARN_OBJC_IMPLICIT_RETAIN_SELF = YES;
				CLANG_WARN_OBJC_LITERAL_CONVERSION = YES;
				CLANG_WARN_OBJC_ROOT_CLASS = YES_ERROR;
				CLANG_WARN_RANGE_LOOP_ANALYSIS = YES;
				CLANG_WARN_STRICT_PROTOTYPES = YES;
				CLANG_WARN_SUSPICIOUS_MOVE = YES;
				CLANG_WARN_UNGUARDED_AVAILABILITY = YES_AGGRESSIVE;
				CLANG_WARN_UNREACHABLE_CODE = YES;
				CLANG_WARN__DUPLICATE_METHOD_MATCH = YES;
				CODE_SIGN_IDENTITY = "-";
				COPY_PHASE_STRIP = NO;
				DEBUG_INFORMATION_FORMAT = "dwarf-with-dsym";
				ENABLE_NS_ASSERTIONS = NO;
				ENABLE_STRICT_OBJC_MSGSEND = YES;
				GCC_C_LANGUAGE_STANDARD = gnu11;
				GCC_NO_COMMON_BLOCKS = YES;
				GCC_WARN_64_TO_32_BIT_CONVERSION = YES;
				GCC_WARN_ABOUT_RETURN_TYPE = YES_ERROR;
				GCC_WARN_UNDECLARED_SELECTOR = YES;
				GCC_WARN_UNINITIALIZED_AUTOS = YES_AGGRESSIVE;
				GCC_WARN_UNUSED_FUNCTION = YES;
				GCC_WARN_UNUSED_VARIABLE = YES;
				MACOSX_DEPLOYMENT_TARGET = 10.13;
				MTL_ENABLE_DEBUG_INFO = NO;
				SDKROOT = macosx;
				SWIFT_COMPILATION_MODE = wholemodule;
				SWIFT_OPTIMIZATION_LEVEL = "-O";
			};
			name = Release;
		};
		AC6B162C20E9403100AD5E15 /* Debug */ = {
			isa = XCBuildConfiguration;
			baseConfigurationReference = C82F01D9290011DD939C51D4 /* Pods-YCC App.debug.xcconfig */;
			buildSettings = {
				ASSETCATALOG_COMPILER_APPICON_NAME = AppIcon;
				CODE_SIGN_ENTITLEMENTS = "YCC App/YCC_App.entitlements";
				CODE_SIGN_STYLE = Automatic;
				COMBINE_HIDPI_IMAGES = YES;
				INFOPLIST_FILE = "YCC App/Info.plist";
				LD_RUNPATH_SEARCH_PATHS = (
					"$(inherited)",
					"@executable_path/../Frameworks",
				);
				PRODUCT_BUNDLE_IDENTIFIER = "com.kivi.YCC-App";
				PRODUCT_NAME = "$(TARGET_NAME)";
				SWIFT_VERSION = 4.0;
			};
			name = Debug;
		};
		AC6B162D20E9403100AD5E15 /* Release */ = {
			isa = XCBuildConfiguration;
			baseConfigurationReference = A7115AEE84514BB7AA206C51 /* Pods-YCC App.release.xcconfig */;
			buildSettings = {
				ASSETCATALOG_COMPILER_APPICON_NAME = AppIcon;
				CODE_SIGN_ENTITLEMENTS = "YCC App/YCC_App.entitlements";
				CODE_SIGN_STYLE = Automatic;
				COMBINE_HIDPI_IMAGES = YES;
				INFOPLIST_FILE = "YCC App/Info.plist";
				LD_RUNPATH_SEARCH_PATHS = (
					"$(inherited)",
					"@executable_path/../Frameworks",
				);
				PRODUCT_BUNDLE_IDENTIFIER = "com.kivi.YCC-App";
				PRODUCT_NAME = "$(TARGET_NAME)";
				SWIFT_VERSION = 4.0;
			};
			name = Release;
		};
		AC6B162F20E9403100AD5E15 /* Debug */ = {
			isa = XCBuildConfiguration;
			baseConfigurationReference = 415069EF0D1BDD2A73C0A775 /* Pods-YCC AppTests.debug.xcconfig */;
			buildSettings = {
				ALWAYS_EMBED_SWIFT_STANDARD_LIBRARIES = YES;
				BUNDLE_LOADER = "$(TEST_HOST)";
				CODE_SIGN_STYLE = Automatic;
				COMBINE_HIDPI_IMAGES = YES;
				INFOPLIST_FILE = "YCC AppTests/Info.plist";
				LD_RUNPATH_SEARCH_PATHS = (
					"$(inherited)",
					"@executable_path/../Frameworks",
					"@loader_path/../Frameworks",
				);
				PRODUCT_BUNDLE_IDENTIFIER = "com.kivi.YCC-AppTests";
				PRODUCT_NAME = "$(TARGET_NAME)";
				SWIFT_VERSION = 4.0;
				TEST_HOST = "$(BUILT_PRODUCTS_DIR)/YCC App.app/Contents/MacOS/YCC App";
			};
			name = Debug;
		};
		AC6B163020E9403100AD5E15 /* Release */ = {
			isa = XCBuildConfiguration;
			baseConfigurationReference = 7D83EC3CF8477741C0DC4B90 /* Pods-YCC AppTests.release.xcconfig */;
			buildSettings = {
				ALWAYS_EMBED_SWIFT_STANDARD_LIBRARIES = YES;
				BUNDLE_LOADER = "$(TEST_HOST)";
				CODE_SIGN_STYLE = Automatic;
				COMBINE_HIDPI_IMAGES = YES;
				INFOPLIST_FILE = "YCC AppTests/Info.plist";
				LD_RUNPATH_SEARCH_PATHS = (
					"$(inherited)",
					"@executable_path/../Frameworks",
					"@loader_path/../Frameworks",
				);
				PRODUCT_BUNDLE_IDENTIFIER = "com.kivi.YCC-AppTests";
				PRODUCT_NAME = "$(TARGET_NAME)";
				SWIFT_VERSION = 4.0;
				TEST_HOST = "$(BUILT_PRODUCTS_DIR)/YCC App.app/Contents/MacOS/YCC App";
			};
			name = Release;
		};
/* End XCBuildConfiguration section */

/* Begin XCConfigurationList section */
		AC6B160B20E9403000AD5E15 /* Build configuration list for PBXProject "YCC App" */ = {
			isa = XCConfigurationList;
			buildConfigurations = (
				AC6B162920E9403100AD5E15 /* Debug */,
				AC6B162A20E9403100AD5E15 /* Release */,
			);
			defaultConfigurationIsVisible = 0;
			defaultConfigurationName = Release;
		};
		AC6B162B20E9403100AD5E15 /* Build configuration list for PBXNativeTarget "YCC App" */ = {
			isa = XCConfigurationList;
			buildConfigurations = (
				AC6B162C20E9403100AD5E15 /* Debug */,
				AC6B162D20E9403100AD5E15 /* Release */,
			);
			defaultConfigurationIsVisible = 0;
			defaultConfigurationName = Release;
		};
		AC6B162E20E9403100AD5E15 /* Build configuration list for PBXNativeTarget "YCC AppTests" */ = {
			isa = XCConfigurationList;
			buildConfigurations = (
				AC6B162F20E9403100AD5E15 /* Debug */,
				AC6B163020E9403100AD5E15 /* Release */,
			);
			defaultConfigurationIsVisible = 0;
			defaultConfigurationName = Release;
		};
/* End XCConfigurationList section */
	};
	rootObject = AC6B160820E9403000AD5E15 /* Project object */;
}
